
Microsoft Visual Studio Solution File, Format Version 12.00
# Visual Studio Version 17
VisualStudioVersion = 17.0.31903.59
MinimumVisualStudioVersion = 10.0.40219.1
Project("{2150E333-8FDC-42A3-9474-1A3956D46DE8}") = "src", "src", "{827E0CD3-B72D-47B6-A68D-7590B98EB39B}"
EndProject
Project("{FAE04EC0-301F-11D3-BF4B-00C04F79EFBC}") = "AntiFraude.Domain", "src\AntiFraude.Domain\AntiFraude.Domain.csproj", "{116648C9-19DB-48C3-B318-1E747FEEEB72}"
EndProject
Project("{FAE04EC0-301F-11D3-BF4B-00C04F79EFBC}") = "AntiFraude.Application", "src\AntiFraude.Application\AntiFraude.Application.csproj", "{2B531C35-457E-4093-8A5A-A3897F0F63F6}"
EndProject
Project("{FAE04EC0-301F-11D3-BF4B-00C04F79EFBC}") = "AntiFraude.Infrastructure", "src\AntiFraude.Infrastructure\AntiFraude.Infrastructure.csproj", "{B3E5F688-BDA5-4028-AB4A-BCC393B2DB17}"
EndProject
Project("{FAE04EC0-301F-11D3-BF4B-00C04F79EFBC}") = "AntiFraude.CrossCutting", "src\AntiFraude.CrossCutting\AntiFraude.CrossCutting.csproj", "{382212B6-A836-4E4D-AF10-3922813EAB72}"
EndProject
Project("{FAE04EC0-301F-11D3-BF4B-00C04F79EFBC}") = "AntiFraude.Api", "src\AntiFraude.Api\AntiFraude.Api.csproj", "{6C47EF17-1930-4EDC-A710-E2911C720223}"
EndProject
Project("{FAE04EC0-301F-11D3-BF4B-00C04F79EFBC}") = "AntiFraude.Worker", "src\AntiFraude.Worker\AntiFraude.Worker.csproj", "{07F2AAA3-1E64-4C61-A630-41C23CDCE766}"
EndProject
Project("{2150E333-8FDC-42A3-9474-1A3956D46DE8}") = "tests", "tests", "{0AB3BF05-4346-4AA6-1389-037BE0695223}"
EndProject
Project("{FAE04EC0-301F-11D3-BF4B-00C04F79EFBC}") = "AntiFraude.UnitTests", "tests\AntiFraude.UnitTests\AntiFraude.UnitTests.csproj", "{EF5B259C-8AD8-466E-9976-03BC63A704AF}"
EndProject
Project("{FAE04EC0-301F-11D3-BF4B-00C04F79EFBC}") = "AntiFraude.IntegrationTests", "tests\AntiFraude.IntegrationTests\AntiFraude.IntegrationTests.csproj", "{09049C45-E775-4FDD-B62F-719B184ADA76}"
EndProject
Global
	GlobalSection(SolutionConfigurationPlatforms) = preSolution
		Debug|Any CPU = Debug|Any CPU
		Debug|x64 = Debug|x64
		Debug|x86 = Debug|x86
		Release|Any CPU = Release|Any CPU
		Release|x64 = Release|x64
		Release|x86 = Release|x86
	EndGlobalSection
	GlobalSection(ProjectConfigurationPlatforms) = postSolution
		{116648C9-19DB-48C3-B318-1E747FEEEB72}.Debug|Any CPU.ActiveCfg = Debug|Any CPU
		{116648C9-19DB-48C3-B318-1E747FEEEB72}.Debug|Any CPU.Build.0 = Debug|Any CPU
		{116648C9-19DB-48C3-B318-1E747FEEEB72}.Debug|x64.ActiveCfg = Debug|Any CPU
		{116648C9-19DB-48C3-B318-1E747FEEEB72}.Debug|x64.Build.0 = Debug|Any CPU
		{116648C9-19DB-48C3-B318-1E747FEEEB72}.Debug|x86.ActiveCfg = Debug|Any CPU
		{116648C9-19DB-48C3-B318-1E747FEEEB72}.Debug|x86.Build.0 = Debug|Any CPU
		{116648C9-19DB-48C3-B318-1E747FEEEB72}.Release|Any CPU.ActiveCfg = Release|Any CPU
		{116648C9-19DB-48C3-B318-1E747FEEEB72}.Release|Any CPU.Build.0 = Release|Any CPU
		{116648C9-19DB-48C3-B318-1E747FEEEB72}.Release|x64.ActiveCfg = Release|Any CPU
		{116648C9-19DB-48C3-B318-1E747FEEEB72}.Release|x64.Build.0 = Release|Any CPU
		{116648C9-19DB-48C3-B318-1E747FEEEB72}.Release|x86.ActiveCfg = Release|Any CPU
		{116648C9-19DB-48C3-B318-1E747FEEEB72}.Release|x86.Build.0 = Release|Any CPU
		{2B531C35-457E-4093-8A5A-A3897F0F63F6}.Debug|Any CPU.ActiveCfg = Debug|Any CPU
		{2B531C35-457E-4093-8A5A-A3897F0F63F6}.Debug|Any CPU.Build.0 = Debug|Any CPU
		{2B531C35-457E-4093-8A5A-A3897F0F63F6}.Debug|x64.ActiveCfg = Debug|Any CPU
		{2B531C35-457E-4093-8A5A-A3897F0F63F6}.Debug|x64.Build.0 = Debug|Any CPU
		{2B531C35-457E-4093-8A5A-A3897F0F63F6}.Debug|x86.ActiveCfg = Debug|Any CPU
		{2B531C35-457E-4093-8A5A-A3897F0F63F6}.Debug|x86.Build.0 = Debug|Any CPU
		{2B531C35-457E-4093-8A5A-A3897F0F63F6}.Release|Any CPU.ActiveCfg = Release|Any CPU
		{2B531C35-457E-4093-8A5A-A3897F0F63F6}.Release|Any CPU.Build.0 = Release|Any CPU
		{2B531C35-457E-4093-8A5A-A3897F0F63F6}.Release|x64.ActiveCfg = Release|Any CPU
		{2B531C35-457E-4093-8A5A-A3897F0F63F6}.Release|x64.Build.0 = Release|Any CPU
		{2B531C35-457E-4093-8A5A-A3897F0F63F6}.Release|x86.ActiveCfg = Release|Any CPU
		{2B531C35-457E-4093-8A5A-A3897F0F63F6}.Release|x86.Build.0 = Release|Any CPU
		{B3E5F688-BDA5-4028-AB4A-BCC393B2DB17}.Debug|Any CPU.ActiveCfg = Debug|Any CPU
		{B3E5F688-BDA5-4028-AB4A-BCC393B2DB17}.Debug|Any CPU.Build.0 = Debug|Any CPU
		{B3E5F688-BDA5-4028-AB4A-BCC393B2DB17}.Debug|x64.ActiveCfg = Debug|Any CPU
		{B3E5F688-BDA5-4028-AB4A-BCC393B2DB17}.Debug|x64.Build.0 = Debug|Any CPU
		{B3E5F688-BDA5-4028-AB4A-BCC393B2DB17}.Debug|x86.ActiveCfg = Debug|Any CPU
		{B3E5F688-BDA5-4028-AB4A-BCC393B2DB17}.Debug|x86.Build.0 = Debug|Any CPU
		{B3E5F688-BDA5-4028-AB4A-BCC393B2DB17}.Release|Any CPU.ActiveCfg = Release|Any CPU
		{B3E5F688-BDA5-4028-AB4A-BCC393B2DB17}.Release|Any CPU.Build.0 = Release|Any CPU
		{B3E5F688-BDA5-4028-AB4A-BCC393B2DB17}.Release|x64.ActiveCfg = Release|Any CPU
		{B3E5F688-BDA5-4028-AB4A-BCC393B2DB17}.Release|x64.Build.0 = Release|Any CPU
		{B3E5F688-BDA5-4028-AB4A-BCC393B2DB17}.Release|x86.ActiveCfg = Release|Any CPU
		{B3E5F688-BDA5-4028-AB4A-BCC393B2DB17}.Release|x86.Build.0 = Release|Any CPU
		{382212B6-A836-4E4D-AF10-3922813EAB72}.Debug|Any CPU.ActiveCfg = Debug|Any CPU
		{382212B6-A836-4E4D-AF10-3922813EAB72}.Debug|Any CPU.Build.0 = Debug|Any CPU
		{382212B6-A836-4E4D-AF10-3922813EAB72}.Debug|x64.ActiveCfg = Debug|Any CPU
		{382212B6-A836-4E4D-AF10-3922813EAB72}.Debug|x64.Build.0 = Debug|Any CPU
		{382212B6-A836-4E4D-AF10-3922813EAB72}.Debug|x86.ActiveCfg = Debug|Any CPU
		{382212B6-A836-4E4D-AF10-3922813EAB72}.Debug|x86.Build.0 = Debug|Any CPU
		{382212B6-A836-4E4D-AF10-3922813EAB72}.Release|Any CPU.ActiveCfg = Release|Any CPU
		{382212B6-A836-4E4D-AF10-3922813EAB72}.Release|Any CPU.Build.0 = Release|Any CPU
		{382212B6-A836-4E4D-AF10-3922813EAB72}.Release|x64.ActiveCfg = Release|Any CPU
		{382212B6-A836-4E4D-AF10-3922813EAB72}.Release|x64.Build.0 = Release|Any CPU
		{382212B6-A836-4E4D-AF10-3922813EAB72}.Release|x86.ActiveCfg = Release|Any CPU
		{382212B6-A836-4E4D-AF10-3922813EAB72}.Release|x86.Build.0 = Release|Any CPU
		{6C47EF17-1930-4EDC-A710-E2911C720223}.Debug|Any CPU.ActiveCfg = Debug|Any CPU
		{6C47EF17-1930-4EDC-A710-E2911C720223}.Debug|Any CPU.Build.0 = Debug|Any CPU
		{6C47EF17-1930-4EDC-A710-E2911C720223}.Debug|x64.ActiveCfg = Debug|Any CPU
		{6C47EF17-1930-4EDC-A710-E2911C720223}.Debug|x64.Build.0 = Debug|Any CPU
		{6C47EF17-1930-4EDC-A710-E2911C720223}.Debug|x86.ActiveCfg = Debug|Any CPU
		{6C47EF17-1930-4EDC-A710-E2911C720223}.Debug|x86.Build.0 = Debug|Any CPU
		{6C47EF17-1930-4EDC-A710-E2911C720223}.Release|Any CPU.ActiveCfg = Release|Any CPU
		{6C47EF17-1930-4EDC-A710-E2911C720223}.Release|Any CPU.Build.0 = Release|Any CPU
		{6C47EF17-1930-4EDC-A710-E2911C720223}.Release|x64.ActiveCfg = Release|Any CPU
		{6C47EF17-1930-4EDC-A710-E2911C720223}.Release|x64.Build.0 = Release|Any CPU
		{6C47EF17-1930-4EDC-A710-E2911C720223}.Release|x86.ActiveCfg = Release|Any CPU
		{6C47EF17-1930-4EDC-A710-E2911C720223}.Release|x86.Build.0 = Release|Any CPU
		{07F2AAA3-1E64-4C61-A630-41C23CDCE766}.Debug|Any CPU.ActiveCfg = Debug|Any CPU
		{07F2AAA3-1E64-4C61-A630-41C23CDCE766}.Debug|Any CPU.Build.0 = Debug|Any CPU
		{07F2AAA3-1E64-4C61-A630-41C23CDCE766}.Debug|x64.ActiveCfg = Debug|Any CPU
		{07F2AAA3-1E64-4C61-A630-41C23CDCE766}.Debug|x64.Build.0 = Debug|Any CPU
		{07F2AAA3-1E64-4C61-A630-41C23CDCE766}.Debug|x86.ActiveCfg = Debug|Any CPU
		{07F2AAA3-1E64-4C61-A630-41C23CDCE766}.Debug|x86.Build.0 = Debug|Any CPU
		{07F2AAA3-1E64-4C61-A630-41C23CDCE766}.Release|Any CPU.ActiveCfg = Release|Any CPU
		{07F2AAA3-1E64-4C61-A630-41C23CDCE766}.Release|Any CPU.Build.0 = Release|Any CPU
		{07F2AAA3-1E64-4C61-A630-41C23CDCE766}.Release|x64.ActiveCfg = Release|Any CPU
		{07F2AAA3-1E64-4C61-A630-41C23CDCE766}.Release|x64.Build.0 = Release|Any CPU
		{07F2AAA3-1E64-4C61-A630-41C23CDCE766}.Release|x86.ActiveCfg = Release|Any CPU
		{07F2AAA3-1E64-4C61-A630-41C23CDCE766}.Release|x86.Build.0 = Release|Any CPU
		{EF5B259C-8AD8-466E-9976-03BC63A704AF}.Debug|Any CPU.ActiveCfg = Debug|Any CPU
		{EF5B259C-8AD8-466E-9976-03BC63A704AF}.Debug|Any CPU.Build.0 = Debug|Any CPU
		{EF5B259C-8AD8-466E-9976-03BC63A704AF}.Debug|x64.ActiveCfg = Debug|Any CPU
		{EF5B259C-8AD8-466E-9976-03BC63A704AF}.Debug|x64.Build.0 = Debug|Any CPU
		{EF5B259C-8AD8-466E-9976-03BC63A704AF}.Debug|x86.ActiveCfg = Debug|Any CPU
		{EF5B259C-8AD8-466E-9976-03BC63A704AF}.Debug|x86.Build.0 = Debug|Any CPU
		{EF5B259C-8AD8-466E-9976-03BC63A704AF}.Release|Any CPU.ActiveCfg = Release|Any CPU
		{EF5B259C-8AD8-466E-9976-03BC63A704AF}.Release|Any CPU.Build.0 = Release|Any CPU
		{EF5B259C-8AD8-466E-9976-03BC63A704AF}.Release|x64.ActiveCfg = Release|Any CPU
		{EF5B259C-8AD8-466E-9976-03BC63A704AF}.Release|x64.Build.0 = Release|Any CPU
		{EF5B259C-8AD8-466E-9976-03BC63A704AF}.Release|x86.ActiveCfg = Release|Any CPU
		{EF5B259C-8AD8-466E-9976-03BC63A704AF}.Release|x86.Build.0 = Release|Any CPU
		{09049C45-E775-4FDD-B62F-719B184ADA76}.Debug|Any CPU.ActiveCfg = Debug|Any CPU
		{09049C45-E775-4FDD-B62F-719B184ADA76}.Debug|Any CPU.Build.0 = Debug|Any CPU
		{09049C45-E775-4FDD-B62F-719B184ADA76}.Debug|x64.ActiveCfg = Debug|Any CPU
		{09049C45-E775-4FDD-B62F-719B184ADA76}.Debug|x64.Build.0 = Debug|Any CPU
		{09049C45-E775-4FDD-B62F-719B184ADA76}.Debug|x86.ActiveCfg = Debug|Any CPU
		{09049C45-E775-4FDD-B62F-719B184ADA76}.Debug|x86.Build.0 = Debug|Any CPU
		{09049C45-E775-4FDD-B62F-719B184ADA76}.Release|Any CPU.ActiveCfg = Release|Any CPU
		{09049C45-E775-4FDD-B62F-719B184ADA76}.Release|Any CPU.Build.0 = Release|Any CPU
		{09049C45-E775-4FDD-B62F-719B184ADA76}.Release|x64.ActiveCfg = Release|Any CPU
		{09049C45-E775-4FDD-B62F-719B184ADA76}.Release|x64.Build.0 = Release|Any CPU
		{09049C45-E775-4FDD-B62F-719B184ADA76}.Release|x86.ActiveCfg = Release|Any CPU
		{09049C45-E775-4FDD-B62F-719B184ADA76}.Release|x86.Build.0 = Release|Any CPU
	EndGlobalSection
	GlobalSection(SolutionProperties) = preSolution
		HideSolutionNode = FALSE
	EndGlobalSection
	GlobalSection(NestedProjects) = preSolution
		{116648C9-19DB-48C3-B318-1E747FEEEB72} = {827E0CD3-B72D-47B6-A68D-7590B98EB39B}
		{2B531C35-457E-4093-8A5A-A3897F0F63F6} = {827E0CD3-B72D-47B6-A68D-7590B98EB39B}
		{B3E5F688-BDA5-4028-AB4A-BCC393B2DB17} = {827E0CD3-B72D-47B6-A68D-7590B98EB39B}
		{382212B6-A836-4E4D-AF10-3922813EAB72} = {827E0CD3-B72D-47B6-A68D-7590B98EB39B}
		{6C47EF17-1930-4EDC-A710-E2911C720223} = {827E0CD3-B72D-47B6-A68D-7590B98EB39B}
		{07F2AAA3-1E64-4C61-A630-41C23CDCE766} = {827E0CD3-B72D-47B6-A68D-7590B98EB39B}
		{EF5B259C-8AD8-466E-9976-03BC63A704AF} = {0AB3BF05-4346-4AA6-1389-037BE0695223}
		{09049C45-E775-4FDD-B62F-719B184ADA76} = {0AB3BF05-4346-4AA6-1389-037BE0695223}
	EndGlobalSection
EndGlobal
